<Solution>
  <Project Path="AlphaAuraChat.Infrastructure/AlphaAuraChat.Infrastructure.csproj" Id="b28c8825-9044-477c-9ef8-0b8e236c9193" />
  <Project Path="AlphaAuraChat.Api/AlphaAuraChat.Api.csproj" />
  <Project Path="AlphaAuraChat.Application/AlphaAuraChat.Application.csproj" Id="be6a6349-3edb-4142-b12a-ac77802318c4" />
  <Project Path="docker-compose.dcproj">
    <Build />
  </Project>
  <Project Path="AlphaAuraChat.Domain/AlphaAuraChat.Domain.csproj" />
</Solution>
